PODS:
  - Differentiator (5.0.0)
  - Kingfisher (6.3.1)
  - RxCocoa (6.5.0):
    - RxRelay (= 6.5.0)
    - RxSwift (= 6.5.0)
  - RxDataSources (5.0.0):
    - Differentiator (~> 5.0)
    - RxCocoa (~> 6.0)
    - RxSwift (~> 6.0)
  - RxRelay (6.5.0):
    - RxSwift (= 6.5.0)
  - RxSwift (6.5.0)
  - SnapKit (5.6.0)
  - SwiftDate (6.3.1)
  - Then (3.0.0)
  - WoodPeckeriOS (1.3.3)

DEPENDENCIES:
  - Kingfisher
  - RxCocoa
  - RxDataSources
  - RxSwift
  - SnapKit
  - SwiftDate
  - Then
  - WoodPeckeriOS

SPEC REPOS:
  https://github.com/CocoaPods/Specs.git:
    - Differentiator
    - Kingfisher
    - RxCocoa
    - RxDataSources
    - RxRelay
    - RxSwift
    - SnapKit
    - SwiftDate
    - Then
    - WoodPeckeriOS

SPEC CHECKSUMS:
  Differentiator: e8497ceab83c1b10ca233716d547b9af21b9344d
  Kingfisher: 016c8b653a35add51dd34a3aba36b580041acc74
  RxCocoa: 94f817b71c07517321eb4f9ad299112ca8af743b
  RxDataSources: aa47cc1ed6c500fa0dfecac5c979b723542d79cf
  RxRelay: 1de1523e604c72b6c68feadedd1af3b1b4d0ecbd
  RxSwift: 5710a9e6b17f3c3d6e40d6e559b9fa1e813b2ef8
  SnapKit: e01d52ebb8ddbc333eefe2132acf85c8227d9c25
  SwiftDate: 72d28954e8e1c6c1c0f917ccc8005e4f83c7d4b2
  Then: 844265ae87834bbe1147d91d5d41a404da2ec27d
  WoodPeckeriOS: 6c067b9de7c2d4143ec1c66bac5aa2120327f759

PODFILE CHECKSUM: 20f62878acf195782a9a7f1c2d2e908d94558237

COCOAPODS: 1.11.3
